
Microsoft Visual Studio Solution File, Format Version 12.00
# Visual Studio 2013
VisualStudioVersion = 12.0.21005.1
MinimumVisualStudioVersion = 10.0.40219.1
Project("{FAE04EC0-301F-11D3-BF4B-00C04F79EFBC}") = "Rental.UI", "Rental.UI\Rental.UI.csproj", "{0A91FDFF-7D9C-4D5D-ABE3-CB674DE5D433}"
EndProject
Project("{FAE04EC0-301F-11D3-BF4B-00C04F79EFBC}") = "Rental.Service", "Rental.Service\Rental.Service.csproj", "{A1A09D47-F532-411C-AA39-4FC2636A5A54}"
EndProject
Project("{FAE04EC0-301F-11D3-BF4B-00C04F79EFBC}") = "Rental.Repository", "Rental.Repository\Rental.Repository.csproj", "{7AC0627A-C6F8-4CEF-9E5A-ADBBB7EF178E}"
EndProject
Project("{FAE04EC0-301F-11D3-BF4B-00C04F79EFBC}") = "Rental.Model", "Rental.Model\Rental.Model.csproj", "{24071746-887F-483B-A180-8D2846D2463D}"
EndProject
Global
	GlobalSection(SolutionConfigurationPlatforms) = preSolution
		Debug|Any CPU = Debug|Any CPU
		Release|Any CPU = Release|Any CPU
	EndGlobalSection
	GlobalSection(ProjectConfigurationPlatforms) = postSolution
		{0A91FDFF-7D9C-4D5D-ABE3-CB674DE5D433}.Debug|Any CPU.ActiveCfg = Debug|Any CPU
		{0A91FDFF-7D9C-4D5D-ABE3-CB674DE5D433}.Debug|Any CPU.Build.0 = Debug|Any CPU
		{0A91FDFF-7D9C-4D5D-ABE3-CB674DE5D433}.Release|Any CPU.ActiveCfg = Release|Any CPU
		{0A91FDFF-7D9C-4D5D-ABE3-CB674DE5D433}.Release|Any CPU.Build.0 = Release|Any CPU
		{A1A09D47-F532-411C-AA39-4FC2636A5A54}.Debug|Any CPU.ActiveCfg = Debug|Any CPU
		{A1A09D47-F532-411C-AA39-4FC2636A5A54}.Debug|Any CPU.Build.0 = Debug|Any CPU
		{A1A09D47-F532-411C-AA39-4FC2636A5A54}.Release|Any CPU.ActiveCfg = Release|Any CPU
		{A1A09D47-F532-411C-AA39-4FC2636A5A54}.Release|Any CPU.Build.0 = Release|Any CPU
		{7AC0627A-C6F8-4CEF-9E5A-ADBBB7EF178E}.Debug|Any CPU.ActiveCfg = Debug|Any CPU
		{7AC0627A-C6F8-4CEF-9E5A-ADBBB7EF178E}.Debug|Any CPU.Build.0 = Debug|Any CPU
		{7AC0627A-C6F8-4CEF-9E5A-ADBBB7EF178E}.Release|Any CPU.ActiveCfg = Release|Any CPU
		{7AC0627A-C6F8-4CEF-9E5A-ADBBB7EF178E}.Release|Any CPU.Build.0 = Release|Any CPU
		{24071746-887F-483B-A180-8D2846D2463D}.Debug|Any CPU.ActiveCfg = Debug|Any CPU
		{24071746-887F-483B-A180-8D2846D2463D}.Debug|Any CPU.Build.0 = Debug|Any CPU
		{24071746-887F-483B-A180-8D2846D2463D}.Release|Any CPU.ActiveCfg = Release|Any CPU
		{24071746-887F-483B-A180-8D2846D2463D}.Release|Any CPU.Build.0 = Release|Any CPU
	EndGlobalSection
	GlobalSection(SolutionProperties) = preSolution
		HideSolutionNode = FALSE
	EndGlobalSection
EndGlobal
